PODS:
  - Alamofire (5.7.1)
  - SerializedSwift (0.2.0)
  - Static (4.0.1)
  - XCoordinator (2.2.1):
    - XCoordinator/Core (= 2.2.1)
  - XCoordinator/Core (2.2.1)
  - XSCore (0.1.4):
    - Alamofire
    - SerializedSwift
    - Static
    - XCoordinator (~> 2.0)

DEPENDENCIES:
  - XSCore (from `../`)

SPEC REPOS:
  trunk:
    - Alamofire
    - SerializedSwift
    - Static
    - XCoordinator

EXTERNAL SOURCES:
  XSCore:
    :path: "../"

SPEC CHECKSUMS:
  Alamofire: 0123a34370cb170936ae79a8df46cc62b2edeb88
  SerializedSwift: a823b7fb8915d894ad110696dafa4c5637f931ac
  Static: a4ef704ab38e966728ba2e588bcbae9e66c1845e
  XCoordinator: 2cf9f72e10998b7a4a4bbeac3d07e071ea82fca3
  XSCore: 50089446a436c805e098c6bca0859e402b2c021e

PODFILE CHECKSUM: 4c8000de7480277f0ae7205ce88997e1e013bc00

COCOAPODS: 1.12.1
