PODS:
  - Alamofire (5.7.1)
  - SerializedSwift (0.2.0)
  - XCoordinator (2.2.1):
    - XCoordinator/Core (= 2.2.1)
  - XCoordinator/Core (2.2.1)
  - XSCore (0.1.3):
    - Alamofire
    - SerializedSwift
    - XCoordinator (~> 2.0)

DEPENDENCIES:
  - XSCore (from `../`)

SPEC REPOS:
  trunk:
    - Alamofire
    - SerializedSwift
    - XCoordinator

EXTERNAL SOURCES:
  XSCore:
    :path: "../"

SPEC CHECKSUMS:
  Alamofire: 0123a34370cb170936ae79a8df46cc62b2edeb88
  SerializedSwift: a823b7fb8915d894ad110696dafa4c5637f931ac
  XCoordinator: 2cf9f72e10998b7a4a4bbeac3d07e071ea82fca3
  XSCore: 35179e9fd6ef2172a1e99a4c2b73f78e5e698980

PODFILE CHECKSUM: 84ab7cb0414d97910eea5a30b09a1f8e6a1fc2e2

COCOAPODS: 1.12.1
